// !$*UTF8*$!
{
	archiveVersion = 1;
	classes = {
	};
	objectVersion = 77;
	objects = {

/* Begin PBXContainerItemProxy section */
		52C1E4332FE9123000678E70 /* PBXContainerItemProxy */ = {
			isa = PBXContainerItemProxy;
			containerPortal = 52C1E4142FE9122F00678E70 /* Project object */;
			proxyType = 1;
			remoteGlobalIDString = 52C1E41B2FE9122F00678E70;
			remoteInfo = UIKitDeepDive;
		};
		52C1E43D2FE9123000678E70 /* PBXContainerItemProxy */ = {
			isa = PBXContainerItemProxy;
			containerPortal = 52C1E4142FE9122F00678E70 /* Project object */;
			proxyType = 1;
			remoteGlobalIDString = 52C1E41B2FE9122F00678E70;
			remoteInfo = UIKitDeepDive;
		};
/* End PBXContainerItemProxy section */

/* Begin PBXFileReference section */
		52C1E41C2FE9122F00678E70 /* UIKitDeepDive.app */ = {isa = PBXFileReference; explicitFileType = wrapper.application; includeInIndex = 0; path = UIKitDeepDive.app; sourceTree = BUILT_PRODUCTS_DIR; };
		52C1E4322FE9123000678E70 /* UIKitDeepDiveTests.xctest */ = {isa = PBXFileReference; explicitFileType = wrapper.cfbundle; includeInIndex = 0; path = UIKitDeepDiveTests.xctest; sourceTree = BUILT_PRODUCTS_DIR; };
		52C1E43C2FE9123000678E70 /* UIKitDeepDiveUITests.xctest */ = {isa = PBXFileReference; explicitFileType = wrapper.cfbundle; includeInIndex = 0; path = UIKitDeepDiveUITests.xctest; sourceTree = BUILT_PRODUCTS_DIR; };
/* End PBXFileReference section */

/* Begin PBXFileSystemSynchronizedBuildFileExceptionSet section */
		52C1E4442FE9123000678E70 /* Exceptions for "UIKitDeepDive" folder in "UIKitDeepDive" target */ = {
			isa = PBXFileSystemSynchronizedBuildFileExceptionSet;
			membershipExceptions = (
				Info.plist,
				"Utils/DateFormmater+.swift",
				"Utils/UIColor+.swift",
			);
			target = 52C1E41B2FE9122F00678E70 /* UIKitDeepDive */;
		};
/* End PBXFileSystemSynchronizedBuildFileExceptionSet section */

/* Begin PBXFileSystemSynchronizedGroupBuildPhaseMembershipExceptionSet section */
		52C1E4772FE9263000678E70 /* Exceptions for "UIKitDeepDive" folder in "Copy Bundle Resources" phase from "UIKitDeepDive" target */ = {
			isa = PBXFileSystemSynchronizedGroupBuildPhaseMembershipExceptionSet;
			buildPhase = 52C1E41A2FE9122F00678E70 /* Resources */;
			membershipExceptions = (
				"Utils/DateFormmater+.swift",
				"Utils/UIColor+.swift",
			);
		};
/* End PBXFileSystemSynchronizedGroupBuildPhaseMembershipExceptionSet section */

/* Begin PBXFileSystemSynchronizedRootGroup section */
		52C1E41E2FE9122F00678E70 /* UIKitDeepDive */ = {
			isa = PBXFileSystemSynchronizedRootGroup;
			exceptions = (
				52C1E4442FE9123000678E70 /* Exceptions for "UIKitDeepDive" folder in "UIKitDeepDive" target */,
				52C1E4772FE9263000678E70 /* Exceptions for "UIKitDeepDive" folder in "Copy Bundle Resources" phase from "UIKitDeepDive" target */,
			);
			path = UIKitDeepDive;
			sourceTree = "<group>";
		};
		52C1E4352FE9123000678E70 /* UIKitDeepDiveTests */ = {
			isa = PBXFileSystemSynchronizedRootGroup;
			path = UIKitDeepDiveTests;
			sourceTree = "<group>";
		};
		52C1E43F2FE9123000678E70 /* UIKitDeepDiveUITests */ = {
			isa = PBXFileSystemSynchronizedRootGroup;
			path = UIKitDeepDiveUITests;
			sourceTree = "<group>";
		};
/* End PBXFileSystemSynchronizedRootGroup section */

/* Begin PBXFrameworksBuildPhase section */
		52C1E4192FE9122F00678E70 /* Frameworks */ = {
			isa = PBXFrameworksBuildPhase;
			buildActionMask = 2147483647;
			files = (
			);
			runOnlyForDeploymentPostprocessing = 0;
		};
		52C1E42F2FE9123000678E70 /* Frameworks */ = {
			isa = PBXFrameworksBuildPhase;
			buildActionMask = 2147483647;
			files = (
			);
			runOnlyForDeploymentPostprocessing = 0;
		};
		52C1E4392FE9123000678E70 /* Frameworks */ = {
			isa = PBXFrameworksBuildPhase;
			buildActionMask = 2147483647;
			files = (
			);
			runOnlyForDeploymentPostprocessing = 0;
		};
/* End PBXFrameworksBuildPhase section */

/* Begin PBXGroup section */
		52C1E4132FE9122F00678E70 = {
			isa = PBXGroup;
			children = (
				52C1E41E2FE9122F00678E70 /* UIKitDeepDive */,
				52C1E4352FE9123000678E70 /* UIKitDeepDiveTests */,
				52C1E43F2FE9123000678E70 /* UIKitDeepDiveUITests */,
				52C1E41D2FE9122F00678E70 /* Products */,
			);
			sourceTree = "<group>";
		};
		52C1E41D2FE9122F00678E70 /* Products */ = {
			isa = PBXGroup;
			children = (
				52C1E41C2FE9122F00678E70 /* UIKitDeepDive.app */,
				52C1E4322FE9123000678E70 /* UIKitDeepDiveTests.xctest */,
				52C1E43C2FE9123000678E70 /* UIKitDeepDiveUITests.xctest */,
			);
			name = Products;
			sourceTree = "<group>";
		};
/* End PBXGroup section */

/* Begin PBXNativeTarget section */
		52C1E41B2FE9122F00678E70 /* UIKitDeepDive */ = {
			isa = PBXNativeTarget;
			buildConfigurationList = 52C1E4452FE9123000678E70 /* Build configuration list for PBXNativeTarget "UIKitDeepDive" */;
			buildPhases = (
				52C1E4182FE9122F00678E70 /* Sources */,
				52C1E4192FE9122F00678E70 /* Frameworks */,
				52C1E41A2FE9122F00678E70 /* Resources */,
			);
			buildRules = (
			);
			dependencies = (
			);
			fileSystemSynchronizedGroups = (
				52C1E41E2FE9122F00678E70 /* UIKitDeepDive */,
			);
			name = UIKitDeepDive;
			packageProductDependencies = (
			);
			productName = UIKitDeepDive;
			productReference = 52C1E41C2FE9122F00678E70 /* UIKitDeepDive.app */;
			productType = "com.apple.product-type.application";
		};
		52C1E4312FE9123000678E70 /* UIKitDeepDiveTests */ = {
			isa = PBXNativeTarget;
			buildConfigurationList = 52C1E44A2FE9123000678E70 /* Build configuration list for PBXNativeTarget "UIKitDeepDiveTests" */;
			buildPhases = (
				52C1E42E2FE9123000678E70 /* Sources */,
				52C1E42F2FE9123000678E70 /* Frameworks */,
				52C1E4302FE9123000678E70 /* Resources */,
			);
			buildRules = (
			);
			dependencies = (
				52C1E4342FE9123000678E70 /* PBXTargetDependency */,
			);
			fileSystemSynchronizedGroups = (
				52C1E4352FE9123000678E70 /* UIKitDeepDiveTests */,
			);
			name = UIKitDeepDiveTests;
			packageProductDependencies = (
			);
			productName = UIKitDeepDiveTests;
			productReference = 52C1E4322FE9123000678E70 /* UIKitDeepDiveTests.xctest */;
			productType = "com.apple.product-type.bundle.unit-test";
		};
		52C1E43B2FE9123000678E70 /* UIKitDeepDiveUITests */ = {
			isa = PBXNativeTarget;
			buildConfigurationList = 52C1E44D2FE9123000678E70 /* Build configuration list for PBXNativeTarget "UIKitDeepDiveUITests" */;
			buildPhases = (
				52C1E4382FE9123000678E70 /* Sources */,
				52C1E4392FE9123000678E70 /* Frameworks */,
				52C1E43A2FE9123000678E70 /* Resources */,
			);
			buildRules = (
			);
			dependencies = (
				52C1E43E2FE9123000678E70 /* PBXTargetDependency */,
			);
			fileSystemSynchronizedGroups = (
				52C1E43F2FE9123000678E70 /* UIKitDeepDiveUITests */,
			);
			name = UIKitDeepDiveUITests;
			packageProductDependencies = (
			);
			productName = UIKitDeepDiveUITests;
			productReference = 52C1E43C2FE9123000678E70 /* UIKitDeepDiveUITests.xctest */;
			productType = "com.apple.product-type.bundle.ui-testing";
		};
/* End PBXNativeTarget section */

/* Begin PBXProject section */
		52C1E4142FE9122F00678E70 /* Project object */ = {
			isa = PBXProject;
			attributes = {
				BuildIndependentTargetsInParallel = 1;
				LastSwiftUpdateCheck = 2620;
				LastUpgradeCheck = 2620;
				TargetAttributes = {
					52C1E41B2FE9122F00678E70 = {
						CreatedOnToolsVersion = 26.2;
					};
					52C1E4312FE9123000678E70 = {
						CreatedOnToolsVersion = 26.2;
						TestTargetID = 52C1E41B2FE9122F00678E70;
					};
					52C1E43B2FE9123000678E70 = {
						CreatedOnToolsVersion = 26.2;
						TestTargetID = 52C1E41B2FE9122F00678E70;
					};
				};
			};
			buildConfigurationList = 52C1E4172FE9122F00678E70 /* Build configuration list for PBXProject "UIKitDeepDive" */;
			developmentRegion = en;
			hasScannedForEncodings = 0;
			knownRegions = (
				en,
				Base,
			);
			mainGroup = 52C1E4132FE9122F00678E70;
			minimizedProjectReferenceProxies = 1;
			preferredProjectObjectVersion = 77;
			productRefGroup = 52C1E41D2FE9122F00678E70 /* Products */;
			projectDirPath = "";
			projectRoot = "";
			targets = (
				52C1E41B2FE9122F00678E70 /* UIKitDeepDive */,
				52C1E4312FE9123000678E70 /* UIKitDeepDiveTests */,
				52C1E43B2FE9123000678E70 /* UIKitDeepDiveUITests */,
			);
		};
/* End PBXProject section */

/* Begin PBXResourcesBuildPhase section */
		52C1E41A2FE9122F00678E70 /* Resources */ = {
			isa = PBXResourcesBuildPhase;
			buildActionMask = 2147483647;
			files = (
			);
			runOnlyForDeploymentPostprocessing = 0;
		};
		52C1E4302FE9123000678E70 /* Resources */ = {
			isa = PBXResourcesBuildPhase;
			buildActionMask = 2147483647;
			files = (
			);
			runOnlyForDeploymentPostprocessing = 0;
		};
		52C1E43A2FE9123000678E70 /* Resources */ = {
			isa = PBXResourcesBuildPhase;
			buildActionMask = 2147483647;
			files = (
			);
			runOnlyForDeploymentPostprocessing = 0;
		};
/* End PBXResourcesBuildPhase section */

/* Begin PBXSourcesBuildPhase section */
		52C1E4182FE9122F00678E70 /* Sources */ = {
			isa = PBXSourcesBuildPhase;
			buildActionMask = 2147483647;
			files = (
			);
			runOnlyForDeploymentPostprocessing = 0;
		};
		52C1E42E2FE9123000678E70 /* Sources */ = {
			isa = PBXSourcesBuildPhase;
			buildActionMask = 2147483647;
			files = (
			);
			runOnlyForDeploymentPostprocessing = 0;
		};
		52C1E4382FE9123000678E70 /* Sources */ = {
			isa = PBXSourcesBuildPhase;
			buildActionMask = 2147483647;
			files = (
			);
			runOnlyForDeploymentPostprocessing = 0;
		};
/* End PBXSourcesBuildPhase section */

/* Begin PBXTargetDependency section */
		52C1E4342FE9123000678E70 /* PBXTargetDependency */ = {
			isa = PBXTargetDependency;
			target = 52C1E41B2FE9122F00678E70 /* UIKitDeepDive */;
			targetProxy = 52C1E4332FE9123000678E70 /* PBXContainerItemProxy */;
		};
		52C1E43E2FE9123000678E70 /* PBXTargetDependency */ = {
			isa = PBXTargetDependency;
			target = 52C1E41B2FE9122F00678E70 /* UIKitDeepDive */;
			targetProxy = 52C1E43D2FE9123000678E70 /* PBXContainerItemProxy */;
		};
/* End PBXTargetDependency section */

/* Begin XCBuildConfiguration section */
		52C1E4462FE9123000678E70 /* Debug */ = {
			isa = XCBuildConfiguration;
			buildSettings = {
				ASSETCATALOG_COMPILER_APPICON_NAME = AppIcon;
				ASSETCATALOG_COMPILER_GLOBAL_ACCENT_COLOR_NAME = AccentColor;
				CODE_SIGN_STYLE = Automatic;
				CURRENT_PROJECT_VERSION = 1;
				DEVELOPMENT_TEAM = B9U954AWHU;
				GENERATE_INFOPLIST_FILE = YES;
				INFOPLIST_FILE = UIKitDeepDive/Info.plist;
				INFOPLIST_KEY_UIApplicationSupportsIndirectInputEvents = YES;
				INFOPLIST_KEY_UILaunchStoryboardName = LaunchScreen;
				INFOPLIST_KEY_UISupportedInterfaceOrientations_iPad = "UIInterfaceOrientationPortrait UIInterfaceOrientationPortraitUpsideDown UIInterfaceOrientationLandscapeLeft UIInterfaceOrientationLandscapeRight";
				INFOPLIST_KEY_UISupportedInterfaceOrientations_iPhone = "UIInterfaceOrientationPortrait UIInterfaceOrientationLandscapeLeft UIInterfaceOrientationLandscapeRight";
				LD_RUNPATH_SEARCH_PATHS = (
					"$(inherited)",
					"@executable_path/Frameworks",
				);
				MARKETING_VERSION = 1.0;
				PRODUCT_BUNDLE_IDENTIFIER = com.zerom.UIKitDeepDive;
				PRODUCT_NAME = "$(TARGET_NAME)";
				STRING_CATALOG_GENERATE_SYMBOLS = YES;
				SUPPORTED_PLATFORMS = "iphoneos iphonesimulator";
				SUPPORTS_MACCATALYST = NO;
				SUPPORTS_XR_DESIGNED_FOR_IPHONE_IPAD = NO;
				SWIFT_APPROACHABLE_CONCURRENCY = YES;
				SWIFT_DEFAULT_ACTOR_ISOLATION = MainActor;
				SWIFT_EMIT_LOC_STRINGS = YES;
				SWIFT_UPCOMING_FEATURE_MEMBER_IMPORT_VISIBILITY = YES;
				SWIFT_VERSION = 5.0;
				TARGETED_DEVICE_FAMILY = 1;
			};
			name = Debug;
		};
		52C1E4472FE9123000678E70 /* Release */ = {
			isa = XCBuildConfiguration;
			buildSettings = {
				ASSETCATALOG_COMPILER_APPICON_NAME = AppIcon;
				ASSETCATALOG_COMPILER_GLOBAL_ACCENT_COLOR_NAME = AccentColor;
				CODE_SIGN_STYLE = Automatic;
				CURRENT_PROJECT_VERSION = 1;
				DEVELOPMENT_TEAM = B9U954AWHU;
				GENERATE_INFOPLIST_FILE = YES;
				INFOPLIST_FILE = UIKitDeepDive/Info.plist;
				INFOPLIST_KEY_UIApplicationSupportsIndirectInputEvents = YES;
				INFOPLIST_KEY_UILaunchStoryboardName = LaunchScreen;
				INFOPLIST_KEY_UISupportedInterfaceOrientations_iPad = "UIInterfaceOrientationPortrait UIInterfaceOrientationPortraitUpsideDown UIInterfaceOrientationLandscapeLeft UIInterfaceOrientationLandscapeRight";
				INFOPLIST_KEY_UISupportedInterfaceOrientations_iPhone = "UIInterfaceOrientationPortrait UIInterfaceOrientationLandscapeLeft UIInterfaceOrientationLandscapeRight";
				LD_RUNPATH_SEARCH_PATHS = (
					"$(inherited)",
					"@executable_path/Frameworks",
				);
				MARKETING_VERSION = 1.0;
				PRODUCT_BUNDLE_IDENTIFIER = com.zerom.UIKitDeepDive;
				PRODUCT_NAME = "$(TARGET_NAME)";
				STRING_CATALOG_GENERATE_SYMBOLS = YES;
				SUPPORTED_PLATFORMS = "iphoneos iphonesimulator";
				SUPPORTS_MACCATALYST = NO;
				SUPPORTS_XR_DESIGNED_FOR_IPHONE_IPAD = NO;
				SWIFT_APPROACHABLE_CONCURRENCY = YES;
				SWIFT_DEFAULT_ACTOR_ISOLATION = MainActor;
				SWIFT_EMIT_LOC_STRINGS = YES;
				SWIFT_UPCOMING_FEATURE_MEMBER_IMPORT_VISIBILITY = YES;
				SWIFT_VERSION = 5.0;
				TARGETED_DEVICE_FAMILY = 1;
			};
			name = Release;
		};
		52C1E4482FE9123000678E70 /* Debug */ = {
			isa = XCBuildConfiguration;
			buildSettings = {
				ALWAYS_SEARCH_USER_PATHS = NO;
				ASSETCATALOG_COMPILER_GENERATE_SWIFT_ASSET_SYMBOL_EXTENSIONS = YES;
				CLANG_ANALYZER_NONNULL = YES;
				CLANG_ANALYZER_NUMBER_OBJECT_CONVERSION = YES_AGGRESSIVE;
				CLANG_CXX_LANGUAGE_STANDARD = "gnu++20";
				CLANG_ENABLE_MODULES = YES;
				CLANG_ENABLE_OBJC_ARC = YES;
				CLANG_ENABLE_OBJC_WEAK = YES;
				CLANG_WARN_BLOCK_CAPTURE_AUTORELEASING = YES;
				CLANG_WARN_BOOL_CONVERSION = YES;
				CLANG_WARN_COMMA = YES;
				CLANG_WARN_CONSTANT_CONVERSION = YES;
				CLANG_WARN_DEPRECATED_OBJC_IMPLEMENTATIONS = YES;
				CLANG_WARN_DIRECT_OBJC_ISA_USAGE = YES_ERROR;
				CLANG_WARN_DOCUMENTATION_COMMENTS = YES;
				CLANG_WARN_EMPTY_BODY = YES;
				CLANG_WARN_ENUM_CONVERSION = YES;
				CLANG_WARN_INFINITE_RECURSION = YES;
				CLANG_WARN_INT_CONVERSION = YES;
				CLANG_WARN_NON_LITERAL_NULL_CONVERSION = YES;
				CLANG_WARN_OBJC_IMPLICIT_RETAIN_SELF = YES;
				CLANG_WARN_OBJC_LITERAL_CONVERSION = YES;
				CLANG_WARN_OBJC_ROOT_CLASS = YES_ERROR;
				CLANG_WARN_QUOTED_INCLUDE_IN_FRAMEWORK_HEADER = YES;
				CLANG_WARN_RANGE_LOOP_ANALYSIS = YES;
				CLANG_WARN_STRICT_PROTOTYPES = YES;
				CLANG_WARN_SUSPICIOUS_MOVE = YES;
				CLANG_WARN_UNGUARDED_AVAILABILITY = YES_AGGRESSIVE;
				CLANG_WARN_UNREACHABLE_CODE = YES;
				CLANG_WARN__DUPLICATE_METHOD_MATCH = YES;
				COPY_PHASE_STRIP = NO;
				DEBUG_INFORMATION_FORMAT = dwarf;
				DEVELOPMENT_TEAM = B9U954AWHU;
				ENABLE_STRICT_OBJC_MSGSEND = YES;
				ENABLE_TESTABILITY = YES;
				ENABLE_USER_SCRIPT_SANDBOXING = YES;
				GCC_C_LANGUAGE_STANDARD = gnu17;
				GCC_DYNAMIC_NO_PIC = NO;
				GCC_NO_COMMON_BLOCKS = YES;
				GCC_OPTIMIZATION_LEVEL = 0;
				GCC_PREPROCESSOR_DEFINITIONS = (
					"DEBUG=1",
					"$(inherited)",
				);
				GCC_WARN_64_TO_32_BIT_CONVERSION = YES;
				GCC_WARN_ABOUT_RETURN_TYPE = YES_ERROR;
				GCC_WARN_UNDECLARED_SELECTOR = YES;
				GCC_WARN_UNINITIALIZED_AUTOS = YES_AGGRESSIVE;
				GCC_WARN_UNUSED_FUNCTION = YES;
				GCC_WARN_UNUSED_VARIABLE = YES;
				IPHONEOS_DEPLOYMENT_TARGET = 26.2;
				LOCALIZATION_PREFERS_STRING_CATALOGS = YES;
				MTL_ENABLE_DEBUG_INFO = INCLUDE_SOURCE;
				MTL_FAST_MATH = YES;
				ONLY_ACTIVE_ARCH = YES;
				SDKROOT = iphoneos;
				SWIFT_ACTIVE_COMPILATION_CONDITIONS = "DEBUG $(inherited)";
				SWIFT_OPTIMIZATION_LEVEL = "-Onone";
			};
			name = Debug;
		};
		52C1E4492FE9123000678E70 /* Release */ = {
			isa = XCBuildConfiguration;
			buildSettings = {
				ALWAYS_SEARCH_USER_PATHS = NO;
				ASSETCATALOG_COMPILER_GENERATE_SWIFT_ASSET_SYMBOL_EXTENSIONS = YES;
				CLANG_ANALYZER_NONNULL = YES;
				CLANG_ANALYZER_NUMBER_OBJECT_CONVERSION = YES_AGGRESSIVE;
				CLANG_CXX_LANGUAGE_STANDARD = "gnu++20";
				CLANG_ENABLE_MODULES = YES;
				CLANG_ENABLE_OBJC_ARC = YES;
				CLANG_ENABLE_OBJC_WEAK = YES;
				CLANG_WARN_BLOCK_CAPTURE_AUTORELEASING = YES;
				CLANG_WARN_BOOL_CONVERSION = YES;
				CLANG_WARN_COMMA = YES;
				CLANG_WARN_CONSTANT_CONVERSION = YES;
				CLANG_WARN_DEPRECATED_OBJC_IMPLEMENTATIONS = YES;
				CLANG_WARN_DIRECT_OBJC_ISA_USAGE = YES_ERROR;
				CLANG_WARN_DOCUMENTATION_COMMENTS = YES;
				CLANG_WARN_EMPTY_BODY = YES;
				CLANG_WARN_ENUM_CONVERSION = YES;
				CLANG_WARN_INFINITE_RECURSION = YES;
				CLANG_WARN_INT_CONVERSION = YES;
				CLANG_WARN_NON_LITERAL_NULL_CONVERSION = YES;
				CLANG_WARN_OBJC_IMPLICIT_RETAIN_SELF = YES;
				CLANG_WARN_OBJC_LITERAL_CONVERSION = YES;
				CLANG_WARN_OBJC_ROOT_CLASS = YES_ERROR;
				CLANG_WARN_QUOTED_INCLUDE_IN_FRAMEWORK_HEADER = YES;
				CLANG_WARN_RANGE_LOOP_ANALYSIS = YES;
				CLANG_WARN_STRICT_PROTOTYPES = YES;
				CLANG_WARN_SUSPICIOUS_MOVE = YES;
				CLANG_WARN_UNGUARDED_AVAILABILITY = YES_AGGRESSIVE;
				CLANG_WARN_UNREACHABLE_CODE = YES;
				CLANG_WARN__DUPLICATE_METHOD_MATCH = YES;
				COPY_PHASE_STRIP = NO;
				DEBUG_INFORMATION_FORMAT = "dwarf-with-dsym";
				DEVELOPMENT_TEAM = B9U954AWHU;
				ENABLE_NS_ASSERTIONS = NO;
				ENABLE_STRICT_OBJC_MSGSEND = YES;
				ENABLE_USER_SCRIPT_SANDBOXING = YES;
				GCC_C_LANGUAGE_STANDARD = gnu17;
				GCC_NO_COMMON_BLOCKS = YES;
				GCC_WARN_64_TO_32_BIT_CONVERSION = YES;
				GCC_WARN_ABOUT_RETURN_TYPE = YES_ERROR;
				GCC_WARN_UNDECLARED_SELECTOR = YES;
				GCC_WARN_UNINITIALIZED_AUTOS = YES_AGGRESSIVE;
				GCC_WARN_UNUSED_FUNCTION = YES;
				GCC_WARN_UNUSED_VARIABLE = YES;
				IPHONEOS_DEPLOYMENT_TARGET = 26.2;
				LOCALIZATION_PREFERS_STRING_CATALOGS = YES;
				MTL_ENABLE_DEBUG_INFO = NO;
				MTL_FAST_MATH = YES;
				SDKROOT = iphoneos;
				SWIFT_COMPILATION_MODE = wholemodule;
				VALIDATE_PRODUCT = YES;
			};
			name = Release;
		};
		52C1E44B2FE9123000678E70 /* Debug */ = {
			isa = XCBuildConfiguration;
			buildSettings = {
				BUNDLE_LOADER = "$(TEST_HOST)";
				CODE_SIGN_STYLE = Automatic;
				CURRENT_PROJECT_VERSION = 1;
				DEVELOPMENT_TEAM = B9U954AWHU;
				GENERATE_INFOPLIST_FILE = YES;
				IPHONEOS_DEPLOYMENT_TARGET = 26.2;
				MARKETING_VERSION = 1.0;
				PRODUCT_BUNDLE_IDENTIFIER = com.zerom.UIKitDeepDiveTests;
				PRODUCT_NAME = "$(TARGET_NAME)";
				STRING_CATALOG_GENERATE_SYMBOLS = NO;
				SWIFT_APPROACHABLE_CONCURRENCY = YES;
				SWIFT_EMIT_LOC_STRINGS = NO;
				SWIFT_UPCOMING_FEATURE_MEMBER_IMPORT_VISIBILITY = YES;
				SWIFT_VERSION = 5.0;
				TARGETED_DEVICE_FAMILY = "1,2";
				TEST_HOST = "$(BUILT_PRODUCTS_DIR)/UIKitDeepDive.app/$(BUNDLE_EXECUTABLE_FOLDER_PATH)/UIKitDeepDive";
			};
			name = Debug;
		};
		52C1E44C2FE9123000678E70 /* Release */ = {
			isa = XCBuildConfiguration;
			buildSettings = {
				BUNDLE_LOADER = "$(TEST_HOST)";
				CODE_SIGN_STYLE = Automatic;
				CURRENT_PROJECT_VERSION = 1;
				DEVELOPMENT_TEAM = B9U954AWHU;
				GENERATE_INFOPLIST_FILE = YES;
				IPHONEOS_DEPLOYMENT_TARGET = 26.2;
				MARKETING_VERSION = 1.0;
				PRODUCT_BUNDLE_IDENTIFIER = com.zerom.UIKitDeepDiveTests;
				PRODUCT_NAME = "$(TARGET_NAME)";
				STRING_CATALOG_GENERATE_SYMBOLS = NO;
				SWIFT_APPROACHABLE_CONCURRENCY = YES;
				SWIFT_EMIT_LOC_STRINGS = NO;
				SWIFT_UPCOMING_FEATURE_MEMBER_IMPORT_VISIBILITY = YES;
				SWIFT_VERSION = 5.0;
				TARGETED_DEVICE_FAMILY = "1,2";
				TEST_HOST = "$(BUILT_PRODUCTS_DIR)/UIKitDeepDive.app/$(BUNDLE_EXECUTABLE_FOLDER_PATH)/UIKitDeepDive";
			};
			name = Release;
		};
		52C1E44E2FE9123000678E70 /* Debug */ = {
			isa = XCBuildConfiguration;
			buildSettings = {
				CODE_SIGN_STYLE = Automatic;
				CURRENT_PROJECT_VERSION = 1;
				DEVELOPMENT_TEAM = B9U954AWHU;
				GENERATE_INFOPLIST_FILE = YES;
				MARKETING_VERSION = 1.0;
				PRODUCT_BUNDLE_IDENTIFIER = com.zerom.UIKitDeepDiveUITests;
				PRODUCT_NAME = "$(TARGET_NAME)";
				STRING_CATALOG_GENERATE_SYMBOLS = NO;
				SWIFT_APPROACHABLE_CONCURRENCY = YES;
				SWIFT_EMIT_LOC_STRINGS = NO;
				SWIFT_UPCOMING_FEATURE_MEMBER_IMPORT_VISIBILITY = YES;
				SWIFT_VERSION = 5.0;
				TARGETED_DEVICE_FAMILY = "1,2";
				TEST_TARGET_NAME = UIKitDeepDive;
			};
			name = Debug;
		};
		52C1E44F2FE9123000678E70 /* Release */ = {
			isa = XCBuildConfiguration;
			buildSettings = {
				CODE_SIGN_STYLE = Automatic;
				CURRENT_PROJECT_VERSION = 1;
				DEVELOPMENT_TEAM = B9U954AWHU;
				GENERATE_INFOPLIST_FILE = YES;
				MARKETING_VERSION = 1.0;
				PRODUCT_BUNDLE_IDENTIFIER = com.zerom.UIKitDeepDiveUITests;
				PRODUCT_NAME = "$(TARGET_NAME)";
				STRING_CATALOG_GENERATE_SYMBOLS = NO;
				SWIFT_APPROACHABLE_CONCURRENCY = YES;
				SWIFT_EMIT_LOC_STRINGS = NO;
				SWIFT_UPCOMING_FEATURE_MEMBER_IMPORT_VISIBILITY = YES;
				SWIFT_VERSION = 5.0;
				TARGETED_DEVICE_FAMILY = "1,2";
				TEST_TARGET_NAME = UIKitDeepDive;
			};
			name = Release;
		};
/* End XCBuildConfiguration section */

/* Begin XCConfigurationList section */
		52C1E4172FE9122F00678E70 /* Build configuration list for PBXProject "UIKitDeepDive" */ = {
			isa = XCConfigurationList;
			buildConfigurations = (
				52C1E4482FE9123000678E70 /* Debug */,
				52C1E4492FE9123000678E70 /* Release */,
			);
			defaultConfigurationIsVisible = 0;
			defaultConfigurationName = Release;
		};
		52C1E4452FE9123000678E70 /* Build configuration list for PBXNativeTarget "UIKitDeepDive" */ = {
			isa = XCConfigurationList;
			buildConfigurations = (
				52C1E4462FE9123000678E70 /* Debug */,
				52C1E4472FE9123000678E70 /* Release */,
			);
			defaultConfigurationIsVisible = 0;
			defaultConfigurationName = Release;
		};
		52C1E44A2FE9123000678E70 /* Build configuration list for PBXNativeTarget "UIKitDeepDiveTests" */ = {
			isa = XCConfigurationList;
			buildConfigurations = (
				52C1E44B2FE9123000678E70 /* Debug */,
				52C1E44C2FE9123000678E70 /* Release */,
			);
			defaultConfigurationIsVisible = 0;
			defaultConfigurationName = Release;
		};
		52C1E44D2FE9123000678E70 /* Build configuration list for PBXNativeTarget "UIKitDeepDiveUITests" */ = {
			isa = XCConfigurationList;
			buildConfigurations = (
				52C1E44E2FE9123000678E70 /* Debug */,
				52C1E44F2FE9123000678E70 /* Release */,
			);
			defaultConfigurationIsVisible = 0;
			defaultConfigurationName = Release;
		};
/* End XCConfigurationList section */
	};
	rootObject = 52C1E4142FE9122F00678E70 /* Project object */;
}
